
Microsoft Visual Studio Solution File, Format Version 12.00
# Visual Studio Version 16
VisualStudioVersion = 16.0.29728.190
MinimumVisualStudioVersion = 10.0.40219.1
Project("{FAE04EC0-301F-11D3-BF4B-00C04F79EFBC}") = "Project_AkA_CakePops_Website", "Project_AkA_CakePops_Website.csproj", "{5643FEBC-9CF9-4CF1-85C1-0FD404BD14FB}"
EndProject
Global
	GlobalSection(SolutionConfigurationPlatforms) = preSolution
		Debug|Any CPU = Debug|Any CPU
		Release|Any CPU = Release|Any CPU
	EndGlobalSection
	GlobalSection(ProjectConfigurationPlatforms) = postSolution
		{5643FEBC-9CF9-4CF1-85C1-0FD404BD14FB}.Debug|Any CPU.ActiveCfg = Debug|Any CPU
		{5643FEBC-9CF9-4CF1-85C1-0FD404BD14FB}.Debug|Any CPU.Build.0 = Debug|Any CPU
		{5643FEBC-9CF9-4CF1-85C1-0FD404BD14FB}.Release|Any CPU.ActiveCfg = Release|Any CPU
		{5643FEBC-9CF9-4CF1-85C1-0FD404BD14FB}.Release|Any CPU.Build.0 = Release|Any CPU
	EndGlobalSection
	GlobalSection(SolutionProperties) = preSolution
		HideSolutionNode = FALSE
	EndGlobalSection
	GlobalSection(ExtensibilityGlobals) = postSolution
		SolutionGuid = {1B4F6A78-E2F2-48E7-B722-9002FB7C4CF0}
	EndGlobalSection
EndGlobal
